// !$*UTF8*$!
{
	archiveVersion = 1;
	classes = {
	};
	objectVersion = 56;
	objects = {

/* Begin PBXBuildFile section */
		D14D53A42A35156E0023C0FB /* ImagesListCell.swift in Sources */ = {isa = PBXBuildFile; fileRef = D14D53A32A35156E0023C0FB /* ImagesListCell.swift */; };
		D1559E292A8FD9B70087EC22 /* OAuth2Service.swift in Sources */ = {isa = PBXBuildFile; fileRef = D1559E282A8FD9B70087EC22 /* OAuth2Service.swift */; };
		D1559E2B2A8FD9D50087EC22 /* OAuth2TokenStorage.swift in Sources */ = {isa = PBXBuildFile; fileRef = D1559E2A2A8FD9D50087EC22 /* OAuth2TokenStorage.swift */; };
		D1559E2E2A8FDA010087EC22 /* SplashViewController.swift in Sources */ = {isa = PBXBuildFile; fileRef = D1559E2D2A8FDA010087EC22 /* SplashViewController.swift */; };
		D1559E312A8FDA3D0087EC22 /* AuthViewController.swift in Sources */ = {isa = PBXBuildFile; fileRef = D1559E302A8FDA3D0087EC22 /* AuthViewController.swift */; };
		D1559E332A8FDA5D0087EC22 /* Constants.swift in Sources */ = {isa = PBXBuildFile; fileRef = D1559E322A8FDA5D0087EC22 /* Constants.swift */; };
		D1559E372A8FDE540087EC22 /* WebViewViewController.swift in Sources */ = {isa = PBXBuildFile; fileRef = D1559E362A8FDE540087EC22 /* WebViewViewController.swift */; };
		D176818D2A8D2950005547BD /* SingleImageViewController.swift in Sources */ = {isa = PBXBuildFile; fileRef = D176818C2A8D2950005547BD /* SingleImageViewController.swift */; };
		D1B59D9B2A8FEE0200888520 /* OAuthTokenResponseBody.swift in Sources */ = {isa = PBXBuildFile; fileRef = D1B59D9A2A8FEE0200888520 /* OAuthTokenResponseBody.swift */; };
		D1B59D9D2A8FF2CA00888520 /* URLRequests.swift in Sources */ = {isa = PBXBuildFile; fileRef = D1B59D9C2A8FF2CA00888520 /* URLRequests.swift */; };
		D1CCB0EE2A26B7A8008D9A99 /* AppDelegate.swift in Sources */ = {isa = PBXBuildFile; fileRef = D1CCB0ED2A26B7A8008D9A99 /* AppDelegate.swift */; };
		D1CCB0F02A26B7A8008D9A99 /* SceneDelegate.swift in Sources */ = {isa = PBXBuildFile; fileRef = D1CCB0EF2A26B7A8008D9A99 /* SceneDelegate.swift */; };
		D1CCB0F22A26B7A8008D9A99 /* ImagesListViewController.swift in Sources */ = {isa = PBXBuildFile; fileRef = D1CCB0F12A26B7A8008D9A99 /* ImagesListViewController.swift */; };
		D1CCB0F52A26B7A8008D9A99 /* Main.storyboard in Resources */ = {isa = PBXBuildFile; fileRef = D1CCB0F32A26B7A8008D9A99 /* Main.storyboard */; };
		D1CCB0F72A26B7A9008D9A99 /* Assets.xcassets in Resources */ = {isa = PBXBuildFile; fileRef = D1CCB0F62A26B7A9008D9A99 /* Assets.xcassets */; };
		D1CCB0FA2A26B7A9008D9A99 /* LaunchScreen.storyboard in Resources */ = {isa = PBXBuildFile; fileRef = D1CCB0F82A26B7A9008D9A99 /* LaunchScreen.storyboard */; };
		D1F470F52A3C30B7000265C3 /* ProfileViewController.swift in Sources */ = {isa = PBXBuildFile; fileRef = D1F470F42A3C30B7000265C3 /* ProfileViewController.swift */; };
/* End PBXBuildFile section */

/* Begin PBXFileReference section */
		D14D53A32A35156E0023C0FB /* ImagesListCell.swift */ = {isa = PBXFileReference; lastKnownFileType = sourcecode.swift; path = ImagesListCell.swift; sourceTree = "<group>"; };
		D1559E282A8FD9B70087EC22 /* OAuth2Service.swift */ = {isa = PBXFileReference; lastKnownFileType = sourcecode.swift; path = OAuth2Service.swift; sourceTree = "<group>"; };
		D1559E2A2A8FD9D50087EC22 /* OAuth2TokenStorage.swift */ = {isa = PBXFileReference; lastKnownFileType = sourcecode.swift; path = OAuth2TokenStorage.swift; sourceTree = "<group>"; };
		D1559E2D2A8FDA010087EC22 /* SplashViewController.swift */ = {isa = PBXFileReference; lastKnownFileType = sourcecode.swift; path = SplashViewController.swift; sourceTree = "<group>"; };
		D1559E302A8FDA3D0087EC22 /* AuthViewController.swift */ = {isa = PBXFileReference; lastKnownFileType = sourcecode.swift; path = AuthViewController.swift; sourceTree = "<group>"; };
		D1559E322A8FDA5D0087EC22 /* Constants.swift */ = {isa = PBXFileReference; lastKnownFileType = sourcecode.swift; path = Constants.swift; sourceTree = "<group>"; };
		D1559E362A8FDE540087EC22 /* WebViewViewController.swift */ = {isa = PBXFileReference; lastKnownFileType = sourcecode.swift; path = WebViewViewController.swift; sourceTree = "<group>"; };
		D176818C2A8D2950005547BD /* SingleImageViewController.swift */ = {isa = PBXFileReference; lastKnownFileType = sourcecode.swift; path = SingleImageViewController.swift; sourceTree = "<group>"; };
		D1B59D9A2A8FEE0200888520 /* OAuthTokenResponseBody.swift */ = {isa = PBXFileReference; lastKnownFileType = sourcecode.swift; path = OAuthTokenResponseBody.swift; sourceTree = "<group>"; };
		D1B59D9C2A8FF2CA00888520 /* URLRequests.swift */ = {isa = PBXFileReference; lastKnownFileType = sourcecode.swift; path = URLRequests.swift; sourceTree = "<group>"; };
		D1CCB0EA2A26B7A8008D9A99 /* ImageFeed.app */ = {isa = PBXFileReference; explicitFileType = wrapper.application; includeInIndex = 0; path = ImageFeed.app; sourceTree = BUILT_PRODUCTS_DIR; };
		D1CCB0ED2A26B7A8008D9A99 /* AppDelegate.swift */ = {isa = PBXFileReference; lastKnownFileType = sourcecode.swift; path = AppDelegate.swift; sourceTree = "<group>"; };
		D1CCB0EF2A26B7A8008D9A99 /* SceneDelegate.swift */ = {isa = PBXFileReference; lastKnownFileType = sourcecode.swift; path = SceneDelegate.swift; sourceTree = "<group>"; };
		D1CCB0F12A26B7A8008D9A99 /* ImagesListViewController.swift */ = {isa = PBXFileReference; lastKnownFileType = sourcecode.swift; path = ImagesListViewController.swift; sourceTree = "<group>"; };
		D1CCB0F42A26B7A8008D9A99 /* Base */ = {isa = PBXFileReference; lastKnownFileType = file.storyboard; name = Base; path = Base.lproj/Main.storyboard; sourceTree = "<group>"; };
		D1CCB0F62A26B7A9008D9A99 /* Assets.xcassets */ = {isa = PBXFileReference; lastKnownFileType = folder.assetcatalog; path = Assets.xcassets; sourceTree = "<group>"; };
		D1CCB0F92A26B7A9008D9A99 /* Base */ = {isa = PBXFileReference; lastKnownFileType = file.storyboard; name = Base; path = Base.lproj/LaunchScreen.storyboard; sourceTree = "<group>"; };
		D1CCB0FB2A26B7A9008D9A99 /* Info.plist */ = {isa = PBXFileReference; lastKnownFileType = text.plist.xml; path = Info.plist; sourceTree = "<group>"; };
		D1F470F42A3C30B7000265C3 /* ProfileViewController.swift */ = {isa = PBXFileReference; lastKnownFileType = sourcecode.swift; path = ProfileViewController.swift; sourceTree = "<group>"; };
/* End PBXFileReference section */

/* Begin PBXFrameworksBuildPhase section */
		D1CCB0E72A26B7A8008D9A99 /* Frameworks */ = {
			isa = PBXFrameworksBuildPhase;
			buildActionMask = 2147483647;
			files = (
			);
			runOnlyForDeploymentPostprocessing = 0;
		};
/* End PBXFrameworksBuildPhase section */

/* Begin PBXGroup section */
		D14D53A52A3515990023C0FB /* ImagesList */ = {
			isa = PBXGroup;
			children = (
				D14D53A32A35156E0023C0FB /* ImagesListCell.swift */,
				D1CCB0F12A26B7A8008D9A99 /* ImagesListViewController.swift */,
				D176818C2A8D2950005547BD /* SingleImageViewController.swift */,
			);
			path = ImagesList;
			sourceTree = "<group>";
		};
		D1559E262A8FD9960087EC22 /* ServiceAccessLayer */ = {
			isa = PBXGroup;
			children = (
				D1559E272A8FD9A30087EC22 /* OAuth2 */,
			);
			path = ServiceAccessLayer;
			sourceTree = "<group>";
		};
		D1559E272A8FD9A30087EC22 /* OAuth2 */ = {
			isa = PBXGroup;
			children = (
				D1559E282A8FD9B70087EC22 /* OAuth2Service.swift */,
				D1559E2A2A8FD9D50087EC22 /* OAuth2TokenStorage.swift */,
				D1B59D9A2A8FEE0200888520 /* OAuthTokenResponseBody.swift */,
			);
			path = OAuth2;
			sourceTree = "<group>";
		};
		D1559E2C2A8FD9F70087EC22 /* SplashViewController */ = {
			isa = PBXGroup;
			children = (
				D1559E2D2A8FDA010087EC22 /* SplashViewController.swift */,
			);
			path = SplashViewController;
			sourceTree = "<group>";
		};
		D1559E2F2A8FDA2D0087EC22 /* Auth */ = {
			isa = PBXGroup;
			children = (
				D1559E302A8FDA3D0087EC22 /* AuthViewController.swift */,
				D1559E322A8FDA5D0087EC22 /* Constants.swift */,
				D1559E362A8FDE540087EC22 /* WebViewViewController.swift */,
				D1B59D9C2A8FF2CA00888520 /* URLRequests.swift */,
			);
			path = Auth;
			sourceTree = "<group>";
		};
		D1CCB0E12A26B7A8008D9A99 = {
			isa = PBXGroup;
			children = (
				D1CCB0EC2A26B7A8008D9A99 /* ImageFeed */,
				D1CCB0EB2A26B7A8008D9A99 /* Products */,
			);
			sourceTree = "<group>";
		};
		D1CCB0EB2A26B7A8008D9A99 /* Products */ = {
			isa = PBXGroup;
			children = (
				D1CCB0EA2A26B7A8008D9A99 /* ImageFeed.app */,
			);
			name = Products;
			sourceTree = "<group>";
		};
		D1CCB0EC2A26B7A8008D9A99 /* ImageFeed */ = {
			isa = PBXGroup;
			children = (
				D1559E2F2A8FDA2D0087EC22 /* Auth */,
				D1559E2C2A8FD9F70087EC22 /* SplashViewController */,
				D1559E262A8FD9960087EC22 /* ServiceAccessLayer */,
				D1F470F32A3C30A3000265C3 /* Profile */,
				D14D53A52A3515990023C0FB /* ImagesList */,
				D1CCB0ED2A26B7A8008D9A99 /* AppDelegate.swift */,
				D1CCB0EF2A26B7A8008D9A99 /* SceneDelegate.swift */,
				D1CCB0F32A26B7A8008D9A99 /* Main.storyboard */,
				D1CCB0F62A26B7A9008D9A99 /* Assets.xcassets */,
				D1CCB0F82A26B7A9008D9A99 /* LaunchScreen.storyboard */,
				D1CCB0FB2A26B7A9008D9A99 /* Info.plist */,
			);
			path = ImageFeed;
			sourceTree = "<group>";
		};
		D1F470F32A3C30A3000265C3 /* Profile */ = {
			isa = PBXGroup;
			children = (
				D1F470F42A3C30B7000265C3 /* ProfileViewController.swift */,
			);
			path = Profile;
			sourceTree = "<group>";
		};
/* End PBXGroup section */

/* Begin PBXNativeTarget section */
		D1CCB0E92A26B7A8008D9A99 /* ImageFeed */ = {
			isa = PBXNativeTarget;
			buildConfigurationList = D1CCB0FE2A26B7A9008D9A99 /* Build configuration list for PBXNativeTarget "ImageFeed" */;
			buildPhases = (
				D1CCB0E62A26B7A8008D9A99 /* Sources */,
				D1CCB0E72A26B7A8008D9A99 /* Frameworks */,
				D1CCB0E82A26B7A8008D9A99 /* Resources */,
			);
			buildRules = (
			);
			dependencies = (
			);
			name = ImageFeed;
			productName = ImageFeed;
			productReference = D1CCB0EA2A26B7A8008D9A99 /* ImageFeed.app */;
			productType = "com.apple.product-type.application";
		};
/* End PBXNativeTarget section */

/* Begin PBXProject section */
		D1CCB0E22A26B7A8008D9A99 /* Project object */ = {
			isa = PBXProject;
			attributes = {
				BuildIndependentTargetsInParallel = 1;
				LastSwiftUpdateCheck = 1420;
				LastUpgradeCheck = 1420;
				TargetAttributes = {
					D1CCB0E92A26B7A8008D9A99 = {
						CreatedOnToolsVersion = 14.2;
					};
				};
			};
			buildConfigurationList = D1CCB0E52A26B7A8008D9A99 /* Build configuration list for PBXProject "ImageFeed" */;
			compatibilityVersion = "Xcode 14.0";
			developmentRegion = en;
			hasScannedForEncodings = 0;
			knownRegions = (
				en,
				Base,
			);
			mainGroup = D1CCB0E12A26B7A8008D9A99;
			productRefGroup = D1CCB0EB2A26B7A8008D9A99 /* Products */;
			projectDirPath = "";
			projectRoot = "";
			targets = (
				D1CCB0E92A26B7A8008D9A99 /* ImageFeed */,
			);
		};
/* End PBXProject section */

/* Begin PBXResourcesBuildPhase section */
		D1CCB0E82A26B7A8008D9A99 /* Resources */ = {
			isa = PBXResourcesBuildPhase;
			buildActionMask = 2147483647;
			files = (
				D1CCB0FA2A26B7A9008D9A99 /* LaunchScreen.storyboard in Resources */,
				D1CCB0F72A26B7A9008D9A99 /* Assets.xcassets in Resources */,
				D1CCB0F52A26B7A8008D9A99 /* Main.storyboard in Resources */,
			);
			runOnlyForDeploymentPostprocessing = 0;
		};
/* End PBXResourcesBuildPhase section */

/* Begin PBXSourcesBuildPhase section */
		D1CCB0E62A26B7A8008D9A99 /* Sources */ = {
			isa = PBXSourcesBuildPhase;
			buildActionMask = 2147483647;
			files = (
				D1CCB0F22A26B7A8008D9A99 /* ImagesListViewController.swift in Sources */,
				D1559E332A8FDA5D0087EC22 /* Constants.swift in Sources */,
				D14D53A42A35156E0023C0FB /* ImagesListCell.swift in Sources */,
				D1559E312A8FDA3D0087EC22 /* AuthViewController.swift in Sources */,
				D1F470F52A3C30B7000265C3 /* ProfileViewController.swift in Sources */,
				D1B59D9D2A8FF2CA00888520 /* URLRequests.swift in Sources */,
				D1B59D9B2A8FEE0200888520 /* OAuthTokenResponseBody.swift in Sources */,
				D1559E2E2A8FDA010087EC22 /* SplashViewController.swift in Sources */,
				D1CCB0EE2A26B7A8008D9A99 /* AppDelegate.swift in Sources */,
				D1559E2B2A8FD9D50087EC22 /* OAuth2TokenStorage.swift in Sources */,
				D1559E372A8FDE540087EC22 /* WebViewViewController.swift in Sources */,
				D176818D2A8D2950005547BD /* SingleImageViewController.swift in Sources */,
				D1CCB0F02A26B7A8008D9A99 /* SceneDelegate.swift in Sources */,
				D1559E292A8FD9B70087EC22 /* OAuth2Service.swift in Sources */,
			);
			runOnlyForDeploymentPostprocessing = 0;
		};
/* End PBXSourcesBuildPhase section */

/* Begin PBXVariantGroup section */
		D1CCB0F32A26B7A8008D9A99 /* Main.storyboard */ = {
			isa = PBXVariantGroup;
			children = (
				D1CCB0F42A26B7A8008D9A99 /* Base */,
			);
			name = Main.storyboard;
			sourceTree = "<group>";
		};
		D1CCB0F82A26B7A9008D9A99 /* LaunchScreen.storyboard */ = {
			isa = PBXVariantGroup;
			children = (
				D1CCB0F92A26B7A9008D9A99 /* Base */,
			);
			name = LaunchScreen.storyboard;
			sourceTree = "<group>";
		};
/* End PBXVariantGroup section */

/* Begin XCBuildConfiguration section */
		D1CCB0FC2A26B7A9008D9A99 /* Debug */ = {
			isa = XCBuildConfiguration;
			buildSettings = {
				ALWAYS_SEARCH_USER_PATHS = NO;
				CLANG_ANALYZER_NONNULL = YES;
				CLANG_ANALYZER_NUMBER_OBJECT_CONVERSION = YES_AGGRESSIVE;
				CLANG_CXX_LANGUAGE_STANDARD = "gnu++20";
				CLANG_ENABLE_MODULES = YES;
				CLANG_ENABLE_OBJC_ARC = YES;
				CLANG_ENABLE_OBJC_WEAK = YES;
				CLANG_WARN_BLOCK_CAPTURE_AUTORELEASING = YES;
				CLANG_WARN_BOOL_CONVERSION = YES;
				CLANG_WARN_COMMA = YES;
				CLANG_WARN_CONSTANT_CONVERSION = YES;
				CLANG_WARN_DEPRECATED_OBJC_IMPLEMENTATIONS = YES;
				CLANG_WARN_DIRECT_OBJC_ISA_USAGE = YES_ERROR;
				CLANG_WARN_DOCUMENTATION_COMMENTS = YES;
				CLANG_WARN_EMPTY_BODY = YES;
				CLANG_WARN_ENUM_CONVERSION = YES;
				CLANG_WARN_INFINITE_RECURSION = YES;
				CLANG_WARN_INT_CONVERSION = YES;
				CLANG_WARN_NON_LITERAL_NULL_CONVERSION = YES;
				CLANG_WARN_OBJC_IMPLICIT_RETAIN_SELF = YES;
				CLANG_WARN_OBJC_LITERAL_CONVERSION = YES;
				CLANG_WARN_OBJC_ROOT_CLASS = YES_ERROR;
				CLANG_WARN_QUOTED_INCLUDE_IN_FRAMEWORK_HEADER = YES;
				CLANG_WARN_RANGE_LOOP_ANALYSIS = YES;
				CLANG_WARN_STRICT_PROTOTYPES = YES;
				CLANG_WARN_SUSPICIOUS_MOVE = YES;
				CLANG_WARN_UNGUARDED_AVAILABILITY = YES_AGGRESSIVE;
				CLANG_WARN_UNREACHABLE_CODE = YES;
				CLANG_WARN__DUPLICATE_METHOD_MATCH = YES;
				COPY_PHASE_STRIP = NO;
				DEBUG_INFORMATION_FORMAT = dwarf;
				ENABLE_STRICT_OBJC_MSGSEND = YES;
				ENABLE_TESTABILITY = YES;
				GCC_C_LANGUAGE_STANDARD = gnu11;
				GCC_DYNAMIC_NO_PIC = NO;
				GCC_NO_COMMON_BLOCKS = YES;
				GCC_OPTIMIZATION_LEVEL = 0;
				GCC_PREPROCESSOR_DEFINITIONS = (
					"DEBUG=1",
					"$(inherited)",
				);
				GCC_WARN_64_TO_32_BIT_CONVERSION = YES;
				GCC_WARN_ABOUT_RETURN_TYPE = YES_ERROR;
				GCC_WARN_UNDECLARED_SELECTOR = YES;
				GCC_WARN_UNINITIALIZED_AUTOS = YES_AGGRESSIVE;
				GCC_WARN_UNUSED_FUNCTION = YES;
				GCC_WARN_UNUSED_VARIABLE = YES;
				IPHONEOS_DEPLOYMENT_TARGET = 16.2;
				MTL_ENABLE_DEBUG_INFO = INCLUDE_SOURCE;
				MTL_FAST_MATH = YES;
				ONLY_ACTIVE_ARCH = YES;
				SDKROOT = iphoneos;
				SWIFT_ACTIVE_COMPILATION_CONDITIONS = DEBUG;
				SWIFT_OPTIMIZATION_LEVEL = "-Onone";
			};
			name = Debug;
		};
		D1CCB0FD2A26B7A9008D9A99 /* Release */ = {
			isa = XCBuildConfiguration;
			buildSettings = {
				ALWAYS_SEARCH_USER_PATHS = NO;
				CLANG_ANALYZER_NONNULL = YES;
				CLANG_ANALYZER_NUMBER_OBJECT_CONVERSION = YES_AGGRESSIVE;
				CLANG_CXX_LANGUAGE_STANDARD = "gnu++20";
				CLANG_ENABLE_MODULES = YES;
				CLANG_ENABLE_OBJC_ARC = YES;
				CLANG_ENABLE_OBJC_WEAK = YES;
				CLANG_WARN_BLOCK_CAPTURE_AUTORELEASING = YES;
				CLANG_WARN_BOOL_CONVERSION = YES;
				CLANG_WARN_COMMA = YES;
				CLANG_WARN_CONSTANT_CONVERSION = YES;
				CLANG_WARN_DEPRECATED_OBJC_IMPLEMENTATIONS = YES;
				CLANG_WARN_DIRECT_OBJC_ISA_USAGE = YES_ERROR;
				CLANG_WARN_DOCUMENTATION_COMMENTS = YES;
				CLANG_WARN_EMPTY_BODY = YES;
				CLANG_WARN_ENUM_CONVERSION = YES;
				CLANG_WARN_INFINITE_RECURSION = YES;
				CLANG_WARN_INT_CONVERSION = YES;
				CLANG_WARN_NON_LITERAL_NULL_CONVERSION = YES;
				CLANG_WARN_OBJC_IMPLICIT_RETAIN_SELF = YES;
				CLANG_WARN_OBJC_LITERAL_CONVERSION = YES;
				CLANG_WARN_OBJC_ROOT_CLASS = YES_ERROR;
				CLANG_WARN_QUOTED_INCLUDE_IN_FRAMEWORK_HEADER = YES;
				CLANG_WARN_RANGE_LOOP_ANALYSIS = YES;
				CLANG_WARN_STRICT_PROTOTYPES = YES;
				CLANG_WARN_SUSPICIOUS_MOVE = YES;
				CLANG_WARN_UNGUARDED_AVAILABILITY = YES_AGGRESSIVE;
				CLANG_WARN_UNREACHABLE_CODE = YES;
				CLANG_WARN__DUPLICATE_METHOD_MATCH = YES;
				COPY_PHASE_STRIP = NO;
				DEBUG_INFORMATION_FORMAT = "dwarf-with-dsym";
				ENABLE_NS_ASSERTIONS = NO;
				ENABLE_STRICT_OBJC_MSGSEND = YES;
				GCC_C_LANGUAGE_STANDARD = gnu11;
				GCC_NO_COMMON_BLOCKS = YES;
				GCC_WARN_64_TO_32_BIT_CONVERSION = YES;
				GCC_WARN_ABOUT_RETURN_TYPE = YES_ERROR;
				GCC_WARN_UNDECLARED_SELECTOR = YES;
				GCC_WARN_UNINITIALIZED_AUTOS = YES_AGGRESSIVE;
				GCC_WARN_UNUSED_FUNCTION = YES;
				GCC_WARN_UNUSED_VARIABLE = YES;
				IPHONEOS_DEPLOYMENT_TARGET = 16.2;
				MTL_ENABLE_DEBUG_INFO = NO;
				MTL_FAST_MATH = YES;
				SDKROOT = iphoneos;
				SWIFT_COMPILATION_MODE = wholemodule;
				SWIFT_OPTIMIZATION_LEVEL = "-O";
				VALIDATE_PRODUCT = YES;
			};
			name = Release;
		};
		D1CCB0FF2A26B7A9008D9A99 /* Debug */ = {
			isa = XCBuildConfiguration;
			buildSettings = {
				ASSETCATALOG_COMPILER_APPICON_NAME = AppIcon;
				ASSETCATALOG_COMPILER_GLOBAL_ACCENT_COLOR_NAME = AccentColor;
				CODE_SIGN_STYLE = Automatic;
				CURRENT_PROJECT_VERSION = 1;
				DEVELOPMENT_TEAM = Q6UCUC8752;
				GENERATE_INFOPLIST_FILE = YES;
				INFOPLIST_FILE = ImageFeed/Info.plist;
				INFOPLIST_KEY_UIApplicationSupportsIndirectInputEvents = YES;
				INFOPLIST_KEY_UILaunchStoryboardName = LaunchScreen;
				INFOPLIST_KEY_UIMainStoryboardFile = Main;
				INFOPLIST_KEY_UISupportedInterfaceOrientations = UIInterfaceOrientationPortrait;
				INFOPLIST_KEY_UISupportedInterfaceOrientations_iPad = "UIInterfaceOrientationLandscapeLeft UIInterfaceOrientationLandscapeRight";
				IPHONEOS_DEPLOYMENT_TARGET = 13.0;
				LD_RUNPATH_SEARCH_PATHS = (
					"$(inherited)",
					"@executable_path/Frameworks",
				);
				MARKETING_VERSION = 1.0;
				PRODUCT_BUNDLE_IDENTIFIER = com.cha0tica.ImageFeed;
				PRODUCT_NAME = "$(TARGET_NAME)";
				SUPPORTED_PLATFORMS = "iphoneos iphonesimulator";
				SUPPORTS_MACCATALYST = NO;
				SUPPORTS_MAC_DESIGNED_FOR_IPHONE_IPAD = NO;
				SWIFT_EMIT_LOC_STRINGS = YES;
				SWIFT_VERSION = 5.0;
				TARGETED_DEVICE_FAMILY = 1;
			};
			name = Debug;
		};
		D1CCB1002A26B7A9008D9A99 /* Release */ = {
			isa = XCBuildConfiguration;
			buildSettings = {
				ASSETCATALOG_COMPILER_APPICON_NAME = AppIcon;
				ASSETCATALOG_COMPILER_GLOBAL_ACCENT_COLOR_NAME = AccentColor;
				CODE_SIGN_STYLE = Automatic;
				CURRENT_PROJECT_VERSION = 1;
				DEVELOPMENT_TEAM = Q6UCUC8752;
				GENERATE_INFOPLIST_FILE = YES;
				INFOPLIST_FILE = ImageFeed/Info.plist;
				INFOPLIST_KEY_UIApplicationSupportsIndirectInputEvents = YES;
				INFOPLIST_KEY_UILaunchStoryboardName = LaunchScreen;
				INFOPLIST_KEY_UIMainStoryboardFile = Main;
				INFOPLIST_KEY_UISupportedInterfaceOrientations = UIInterfaceOrientationPortrait;
				INFOPLIST_KEY_UISupportedInterfaceOrientations_iPad = "UIInterfaceOrientationLandscapeLeft UIInterfaceOrientationLandscapeRight";
				IPHONEOS_DEPLOYMENT_TARGET = 13.0;
				LD_RUNPATH_SEARCH_PATHS = (
					"$(inherited)",
					"@executable_path/Frameworks",
				);
				MARKETING_VERSION = 1.0;
				PRODUCT_BUNDLE_IDENTIFIER = com.cha0tica.ImageFeed;
				PRODUCT_NAME = "$(TARGET_NAME)";
				SUPPORTED_PLATFORMS = "iphoneos iphonesimulator";
				SUPPORTS_MACCATALYST = NO;
				SUPPORTS_MAC_DESIGNED_FOR_IPHONE_IPAD = NO;
				SWIFT_EMIT_LOC_STRINGS = YES;
				SWIFT_VERSION = 5.0;
				TARGETED_DEVICE_FAMILY = 1;
			};
			name = Release;
		};
/* End XCBuildConfiguration section */

/* Begin XCConfigurationList section */
		D1CCB0E52A26B7A8008D9A99 /* Build configuration list for PBXProject "ImageFeed" */ = {
			isa = XCConfigurationList;
			buildConfigurations = (
				D1CCB0FC2A26B7A9008D9A99 /* Debug */,
				D1CCB0FD2A26B7A9008D9A99 /* Release */,
			);
			defaultConfigurationIsVisible = 0;
			defaultConfigurationName = Release;
		};
		D1CCB0FE2A26B7A9008D9A99 /* Build configuration list for PBXNativeTarget "ImageFeed" */ = {
			isa = XCConfigurationList;
			buildConfigurations = (
				D1CCB0FF2A26B7A9008D9A99 /* Debug */,
				D1CCB1002A26B7A9008D9A99 /* Release */,
			);
			defaultConfigurationIsVisible = 0;
			defaultConfigurationName = Release;
		};
/* End XCConfigurationList section */
	};
	rootObject = D1CCB0E22A26B7A8008D9A99 /* Project object */;
}
